
Microsoft Visual Studio Solution File, Format Version 12.00
# Visual Studio Version 17
VisualStudioVersion = 17.2.32526.322
MinimumVisualStudioVersion = 10.0.40219.1
Project("{FAE04EC0-301F-11D3-BF4B-00C04F79EFBC}") = "Combatant", "Combatant.csproj", "{4C60DEAE-7FF9-4104-9615-FB80F5243964}"
EndProject
Global
	GlobalSection(SolutionConfigurationPlatforms) = preSolution
		Debug|Any CPU = Debug|Any CPU
		Release|Any CPU = Release|Any CPU
	EndGlobalSection
	GlobalSection(ProjectConfigurationPlatforms) = postSolution
		{4C60DEAE-7FF9-4104-9615-FB80F5243964}.Debug|Any CPU.ActiveCfg = Debug|Any CPU
		{4C60DEAE-7FF9-4104-9615-FB80F5243964}.Debug|Any CPU.Build.0 = Debug|Any CPU
		{4C60DEAE-7FF9-4104-9615-FB80F5243964}.Release|Any CPU.ActiveCfg = Release|Any CPU
		{4C60DEAE-7FF9-4104-9615-FB80F5243964}.Release|Any CPU.Build.0 = Release|Any CPU
	EndGlobalSection
	GlobalSection(SolutionProperties) = preSolution
		HideSolutionNode = FALSE
	EndGlobalSection
	GlobalSection(ExtensibilityGlobals) = postSolution
		SolutionGuid = {05345FD6-5CA8-406B-B247-9DE8CEDE9232}
	EndGlobalSection
EndGlobal
